
Microsoft Visual Studio Solution File, Format Version 12.00
# Visual Studio 2012
Project("{FAE04EC0-301F-11D3-BF4B-00C04F79EFBC}") = "WowheadParser", "WowheadParser.csproj", "{17740A01-4566-472E-83B1-739E61D2235E}"
EndProject
Global
	GlobalSection(SolutionConfigurationPlatforms) = preSolution
		Debug|Any CPU = Debug|Any CPU
		Release|Any CPU = Release|Any CPU
	EndGlobalSection
	GlobalSection(ProjectConfigurationPlatforms) = postSolution
		{17740A01-4566-472E-83B1-739E61D2235E}.Debug|Any CPU.ActiveCfg = Debug|Any CPU
		{17740A01-4566-472E-83B1-739E61D2235E}.Debug|Any CPU.Build.0 = Debug|Any CPU
		{17740A01-4566-472E-83B1-739E61D2235E}.Release|Any CPU.ActiveCfg = Release|Any CPU
		{17740A01-4566-472E-83B1-739E61D2235E}.Release|Any CPU.Build.0 = Release|Any CPU
	EndGlobalSection
	GlobalSection(SolutionProperties) = preSolution
		HideSolutionNode = FALSE
	EndGlobalSection
EndGlobal
